
Microsoft Visual Studio Solution File, Format Version 12.00
# Visual Studio Version 17
VisualStudioVersion = 17.12.35527.113
MinimumVisualStudioVersion = 10.0.40219.1
Project("{FAE04EC0-301F-11D3-BF4B-00C04F79EFBC}") = "StringsAlgo", "FirstAlgo\StringsAlgo.csproj", "{F8367920-6730-45D3-BC8A-025F0243D54C}"
EndProject
Project("{FAE04EC0-301F-11D3-BF4B-00C04F79EFBC}") = "ArrayAlgo", "ArrayAlgo\ArrayAlgo.csproj", "{BD38412F-732F-4FE9-8E08-B3BAB1FC0210}"
EndProject
Global
	GlobalSection(SolutionConfigurationPlatforms) = preSolution
		Debug|Any CPU = Debug|Any CPU
		Release|Any CPU = Release|Any CPU
	EndGlobalSection
	GlobalSection(ProjectConfigurationPlatforms) = postSolution
		{F8367920-6730-45D3-BC8A-025F0243D54C}.Debug|Any CPU.ActiveCfg = Debug|Any CPU
		{F8367920-6730-45D3-BC8A-025F0243D54C}.Debug|Any CPU.Build.0 = Debug|Any CPU
		{F8367920-6730-45D3-BC8A-025F0243D54C}.Release|Any CPU.ActiveCfg = Debug|Any CPU
		{F8367920-6730-45D3-BC8A-025F0243D54C}.Release|Any CPU.Build.0 = Debug|Any CPU
		{BD38412F-732F-4FE9-8E08-B3BAB1FC0210}.Debug|Any CPU.ActiveCfg = Debug|Any CPU
		{BD38412F-732F-4FE9-8E08-B3BAB1FC0210}.Debug|Any CPU.Build.0 = Debug|Any CPU
		{BD38412F-732F-4FE9-8E08-B3BAB1FC0210}.Release|Any CPU.ActiveCfg = Release|Any CPU
		{BD38412F-732F-4FE9-8E08-B3BAB1FC0210}.Release|Any CPU.Build.0 = Release|Any CPU
	EndGlobalSection
	GlobalSection(SolutionProperties) = preSolution
		HideSolutionNode = FALSE
	EndGlobalSection
EndGlobal
